
Microsoft Visual Studio Solution File, Format Version 12.00
# Visual Studio Version 16
VisualStudioVersion = 16.0.31229.75
MinimumVisualStudioVersion = 10.0.40219.1
Project("{FAE04EC0-301F-11D3-BF4B-00C04F79EFBC}") = "Passwortgenerator", "Passwortgenerator\Passwortgenerator.csproj", "{99CCF024-5E77-4A82-9685-C9E59D396653}"
EndProject
Global
	GlobalSection(SolutionConfigurationPlatforms) = preSolution
		Debug|Any CPU = Debug|Any CPU
		Release|Any CPU = Release|Any CPU
	EndGlobalSection
	GlobalSection(ProjectConfigurationPlatforms) = postSolution
		{99CCF024-5E77-4A82-9685-C9E59D396653}.Debug|Any CPU.ActiveCfg = Debug|Any CPU
		{99CCF024-5E77-4A82-9685-C9E59D396653}.Debug|Any CPU.Build.0 = Debug|Any CPU
		{99CCF024-5E77-4A82-9685-C9E59D396653}.Release|Any CPU.ActiveCfg = Release|Any CPU
		{99CCF024-5E77-4A82-9685-C9E59D396653}.Release|Any CPU.Build.0 = Release|Any CPU
	EndGlobalSection
	GlobalSection(SolutionProperties) = preSolution
		HideSolutionNode = FALSE
	EndGlobalSection
	GlobalSection(ExtensibilityGlobals) = postSolution
		SolutionGuid = {00A5A63C-7F97-4DA1-A88E-AFA2885B90B0}
	EndGlobalSection
EndGlobal
